
Microsoft Visual Studio Solution File, Format Version 12.00
# Visual Studio Version 17
VisualStudioVersion = 17.11.35219.272
MinimumVisualStudioVersion = 10.0.40219.1
Project("{9A19103F-16F7-4668-BE54-9A1E7A4F7556}") = "CedarBoard", "CedarBoard\CedarBoard.csproj", "{DDC4D80E-3ECD-4023-9F0E-E327ABE56C8D}"
EndProject
Global
	GlobalSection(SolutionConfigurationPlatforms) = preSolution
		Debug|Any CPU = Debug|Any CPU
		Debug|x64 = Debug|x64
		Debug|x86 = Debug|x86
		Release|Any CPU = Release|Any CPU
		Release|x64 = Release|x64
		Release|x86 = Release|x86
	EndGlobalSection
	GlobalSection(ProjectConfigurationPlatforms) = postSolution
		{DDC4D80E-3ECD-4023-9F0E-E327ABE56C8D}.Debug|Any CPU.ActiveCfg = Debug|Any CPU
		{DDC4D80E-3ECD-4023-9F0E-E327ABE56C8D}.Debug|Any CPU.Build.0 = Debug|Any CPU
		{DDC4D80E-3ECD-4023-9F0E-E327ABE56C8D}.Debug|x64.ActiveCfg = Debug|Any CPU
		{DDC4D80E-3ECD-4023-9F0E-E327ABE56C8D}.Debug|x64.Build.0 = Debug|Any CPU
		{DDC4D80E-3ECD-4023-9F0E-E327ABE56C8D}.Debug|x86.ActiveCfg = Debug|Any CPU
		{DDC4D80E-3ECD-4023-9F0E-E327ABE56C8D}.Debug|x86.Build.0 = Debug|Any CPU
		{DDC4D80E-3ECD-4023-9F0E-E327ABE56C8D}.Release|Any CPU.ActiveCfg = Release|Any CPU
		{DDC4D80E-3ECD-4023-9F0E-E327ABE56C8D}.Release|Any CPU.Build.0 = Release|Any CPU
		{DDC4D80E-3ECD-4023-9F0E-E327ABE56C8D}.Release|x64.ActiveCfg = Release|Any CPU
		{DDC4D80E-3ECD-4023-9F0E-E327ABE56C8D}.Release|x64.Build.0 = Release|Any CPU
		{DDC4D80E-3ECD-4023-9F0E-E327ABE56C8D}.Release|x86.ActiveCfg = Release|Any CPU
		{DDC4D80E-3ECD-4023-9F0E-E327ABE56C8D}.Release|x86.Build.0 = Release|Any CPU
	EndGlobalSection
	GlobalSection(SolutionProperties) = preSolution
		HideSolutionNode = FALSE
	EndGlobalSection
	GlobalSection(ExtensibilityGlobals) = postSolution
		SolutionGuid = {6FF17E88-0E89-47DF-9880-C0DBFAB6B2CD}
	EndGlobalSection
EndGlobal
